// !$*UTF8*$!
{
	archiveVersion = 1;
	classes = {
	};
	objectVersion = 46;
	objects = {

/* Begin PBXBuildFile section */
		E4227FC41F4E1A3000C0506D /* Dosis-Bold.ttf in Resources */ = {isa = PBXBuildFile; fileRef = E4227FBD1F4E1A3000C0506D /* Dosis-Bold.ttf */; };
		E4227FC51F4E1A3000C0506D /* darkCell.png in Resources */ = {isa = PBXBuildFile; fileRef = E4227FBE1F4E1A3000C0506D /* darkCell.png */; };
		E4227FC61F4E1A3000C0506D /* trophy.png in Resources */ = {isa = PBXBuildFile; fileRef = E4227FBF1F4E1A3000C0506D /* trophy.png */; };
		E4227FC71F4E1A3000C0506D /* coin.png in Resources */ = {isa = PBXBuildFile; fileRef = E4227FC01F4E1A3000C0506D /* coin.png */; };
		E4227FC81F4E1A3000C0506D /* normalCell.png in Resources */ = {isa = PBXBuildFile; fileRef = E4227FC11F4E1A3000C0506D /* normalCell.png */; };
		E4227FC91F4E1A3000C0506D /* topBoardBadge.png in Resources */ = {isa = PBXBuildFile; fileRef = E4227FC21F4E1A3000C0506D /* topBoardBadge.png */; };
		E4227FCA1F4E1A3000C0506D /* topBoard.png in Resources */ = {isa = PBXBuildFile; fileRef = E4227FC31F4E1A3000C0506D /* topBoard.png */; };
		E4227FCD1F4E295E00C0506D /* ImageManager.m in Sources */ = {isa = PBXBuildFile; fileRef = E4227FCC1F4E295E00C0506D /* ImageManager.m */; };
		E453F3081F433FFD0059120E /* main.m in Sources */ = {isa = PBXBuildFile; fileRef = E453F3071F433FFD0059120E /* main.m */; };
		E453F30B1F433FFD0059120E /* AppDelegate.m in Sources */ = {isa = PBXBuildFile; fileRef = E453F30A1F433FFD0059120E /* AppDelegate.m */; };
		E453F3111F433FFD0059120E /* Main.storyboard in Resources */ = {isa = PBXBuildFile; fileRef = E453F30F1F433FFD0059120E /* Main.storyboard */; };
		E453F3131F433FFD0059120E /* Assets.xcassets in Resources */ = {isa = PBXBuildFile; fileRef = E453F3121F433FFD0059120E /* Assets.xcassets */; };
		E453F3161F433FFD0059120E /* LaunchScreen.storyboard in Resources */ = {isa = PBXBuildFile; fileRef = E453F3141F433FFD0059120E /* LaunchScreen.storyboard */; };
		E453F31F1F4340620059120E /* GameEngine.m in Sources */ = {isa = PBXBuildFile; fileRef = E453F31E1F4340620059120E /* GameEngine.m */; };
		E453F32A1F4343C50059120E /* Figure.m in Sources */ = {isa = PBXBuildFile; fileRef = E453F3291F4343C50059120E /* Figure.m */; };
		E453F32D1F438B1E0059120E /* MatrixPoint.m in Sources */ = {isa = PBXBuildFile; fileRef = E453F32C1F438B1E0059120E /* MatrixPoint.m */; };
		E453F3331F446A740059120E /* PlayViewController.m in Sources */ = {isa = PBXBuildFile; fileRef = E453F3321F446A740059120E /* PlayViewController.m */; };
		E453F33B1F4499FA0059120E /* CellView.m in Sources */ = {isa = PBXBuildFile; fileRef = E453F33A1F4499FA0059120E /* CellView.m */; };
		E453F33E1F449CBB0059120E /* BoardView.m in Sources */ = {isa = PBXBuildFile; fileRef = E453F33D1F449CBB0059120E /* BoardView.m */; };
		E453F3411F45EB060059120E /* FigureView.m in Sources */ = {isa = PBXBuildFile; fileRef = E453F3401F45EB060059120E /* FigureView.m */; };
		E4D5E90D1F4C957A00764F17 /* bg.png in Resources */ = {isa = PBXBuildFile; fileRef = E4D5E9041F4C957A00764F17 /* bg.png */; };
		E4D5E90E1F4C957B00764F17 /* block_brown.png in Resources */ = {isa = PBXBuildFile; fileRef = E4D5E9051F4C957A00764F17 /* block_brown.png */; };
		E4D5E90F1F4C957B00764F17 /* block_green.png in Resources */ = {isa = PBXBuildFile; fileRef = E4D5E9061F4C957A00764F17 /* block_green.png */; };
		E4D5E9101F4C957B00764F17 /* block_orange.png in Resources */ = {isa = PBXBuildFile; fileRef = E4D5E9071F4C957A00764F17 /* block_orange.png */; };
		E4D5E9111F4C957B00764F17 /* block_red.png in Resources */ = {isa = PBXBuildFile; fileRef = E4D5E9081F4C957A00764F17 /* block_red.png */; };
		E4D5E9121F4C957B00764F17 /* block_yellow.png in Resources */ = {isa = PBXBuildFile; fileRef = E4D5E9091F4C957A00764F17 /* block_yellow.png */; };
		E4D5E9131F4C957B00764F17 /* gameplay_preview.png in Resources */ = {isa = PBXBuildFile; fileRef = E4D5E90A1F4C957A00764F17 /* gameplay_preview.png */; };
		E4D5E9141F4C957B00764F17 /* pause_button.png in Resources */ = {isa = PBXBuildFile; fileRef = E4D5E90B1F4C957A00764F17 /* pause_button.png */; };
		E4D5E9151F4C957B00764F17 /* top_bar.png in Resources */ = {isa = PBXBuildFile; fileRef = E4D5E90C1F4C957A00764F17 /* top_bar.png */; };
		E4D5E9171F4CCF3800764F17 /* chocolate_grows.wav in Resources */ = {isa = PBXBuildFile; fileRef = E4D5E9161F4CCF3800764F17 /* chocolate_grows.wav */; };
		E4D5E91A1F4CD00300764F17 /* level_failed1.wav in Resources */ = {isa = PBXBuildFile; fileRef = E4D5E9191F4CD00300764F17 /* level_failed1.wav */; };
		E4D5E91E1F4CD10D00764F17 /* levelup.wav in Resources */ = {isa = PBXBuildFile; fileRef = E4D5E91D1F4CD10D00764F17 /* levelup.wav */; };
		E4D5E9201F4CD21E00764F17 /* rowClear.wav in Resources */ = {isa = PBXBuildFile; fileRef = E4D5E91F1F4CD21E00764F17 /* rowClear.wav */; };
		E4D5E9221F4CD24C00764F17 /* button_press.wav in Resources */ = {isa = PBXBuildFile; fileRef = E4D5E9211F4CD24C00764F17 /* button_press.wav */; };
		E4D5E9251F4D72F100764F17 /* FileManager.m in Sources */ = {isa = PBXBuildFile; fileRef = E4D5E9241F4D72F100764F17 /* FileManager.m */; };
		E4D5E9281F4D881D00764F17 /* InitialViewController.m in Sources */ = {isa = PBXBuildFile; fileRef = E4D5E9271F4D881D00764F17 /* InitialViewController.m */; };
/* End PBXBuildFile section */

/* Begin PBXFileReference section */
		E4227FBD1F4E1A3000C0506D /* Dosis-Bold.ttf */ = {isa = PBXFileReference; lastKnownFileType = file; path = "Dosis-Bold.ttf"; sourceTree = "<group>"; };
		E4227FBE1F4E1A3000C0506D /* darkCell.png */ = {isa = PBXFileReference; lastKnownFileType = image.png; path = darkCell.png; sourceTree = "<group>"; };
		E4227FBF1F4E1A3000C0506D /* trophy.png */ = {isa = PBXFileReference; lastKnownFileType = image.png; path = trophy.png; sourceTree = "<group>"; };
		E4227FC01F4E1A3000C0506D /* coin.png */ = {isa = PBXFileReference; lastKnownFileType = image.png; path = coin.png; sourceTree = "<group>"; };
		E4227FC11F4E1A3000C0506D /* normalCell.png */ = {isa = PBXFileReference; lastKnownFileType = image.png; path = normalCell.png; sourceTree = "<group>"; };
		E4227FC21F4E1A3000C0506D /* topBoardBadge.png */ = {isa = PBXFileReference; lastKnownFileType = image.png; path = topBoardBadge.png; sourceTree = "<group>"; };
		E4227FC31F4E1A3000C0506D /* topBoard.png */ = {isa = PBXFileReference; lastKnownFileType = image.png; path = topBoard.png; sourceTree = "<group>"; };
		E4227FCB1F4E295E00C0506D /* ImageManager.h */ = {isa = PBXFileReference; fileEncoding = 4; lastKnownFileType = sourcecode.c.h; path = ImageManager.h; sourceTree = "<group>"; };
		E4227FCC1F4E295E00C0506D /* ImageManager.m */ = {isa = PBXFileReference; fileEncoding = 4; lastKnownFileType = sourcecode.c.objc; path = ImageManager.m; sourceTree = "<group>"; };
		E453F3031F433FFD0059120E /* Tetris.app */ = {isa = PBXFileReference; explicitFileType = wrapper.application; includeInIndex = 0; path = Tetris.app; sourceTree = BUILT_PRODUCTS_DIR; };
		E453F3071F433FFD0059120E /* main.m */ = {isa = PBXFileReference; lastKnownFileType = sourcecode.c.objc; path = main.m; sourceTree = "<group>"; };
		E453F3091F433FFD0059120E /* AppDelegate.h */ = {isa = PBXFileReference; lastKnownFileType = sourcecode.c.h; path = AppDelegate.h; sourceTree = "<group>"; };
		E453F30A1F433FFD0059120E /* AppDelegate.m */ = {isa = PBXFileReference; lastKnownFileType = sourcecode.c.objc; path = AppDelegate.m; sourceTree = "<group>"; };
		E453F3101F433FFD0059120E /* Base */ = {isa = PBXFileReference; lastKnownFileType = file.storyboard; name = Base; path = Base.lproj/Main.storyboard; sourceTree = "<group>"; };
		E453F3121F433FFD0059120E /* Assets.xcassets */ = {isa = PBXFileReference; lastKnownFileType = folder.assetcatalog; path = Assets.xcassets; sourceTree = "<group>"; };
		E453F3151F433FFD0059120E /* Base */ = {isa = PBXFileReference; lastKnownFileType = file.storyboard; name = Base; path = Base.lproj/LaunchScreen.storyboard; sourceTree = "<group>"; };
		E453F3171F433FFD0059120E /* Info.plist */ = {isa = PBXFileReference; lastKnownFileType = text.plist.xml; path = Info.plist; sourceTree = "<group>"; };
		E453F31D1F4340610059120E /* GameEngine.h */ = {isa = PBXFileReference; fileEncoding = 4; lastKnownFileType = sourcecode.c.h; path = GameEngine.h; sourceTree = "<group>"; };
		E453F31E1F4340620059120E /* GameEngine.m */ = {isa = PBXFileReference; fileEncoding = 4; lastKnownFileType = sourcecode.c.objc; path = GameEngine.m; sourceTree = "<group>"; };
		E453F3201F4340850059120E /* Definitions.h */ = {isa = PBXFileReference; lastKnownFileType = sourcecode.c.h; path = Definitions.h; sourceTree = "<group>"; };
		E453F3281F4343C50059120E /* Figure.h */ = {isa = PBXFileReference; fileEncoding = 4; lastKnownFileType = sourcecode.c.h; path = Figure.h; sourceTree = "<group>"; };
		E453F3291F4343C50059120E /* Figure.m */ = {isa = PBXFileReference; fileEncoding = 4; lastKnownFileType = sourcecode.c.objc; path = Figure.m; sourceTree = "<group>"; };
		E453F32B1F438B1E0059120E /* MatrixPoint.h */ = {isa = PBXFileReference; fileEncoding = 4; lastKnownFileType = sourcecode.c.h; path = MatrixPoint.h; sourceTree = "<group>"; };
		E453F32C1F438B1E0059120E /* MatrixPoint.m */ = {isa = PBXFileReference; fileEncoding = 4; lastKnownFileType = sourcecode.c.objc; path = MatrixPoint.m; sourceTree = "<group>"; };
		E453F3311F446A740059120E /* PlayViewController.h */ = {isa = PBXFileReference; fileEncoding = 4; lastKnownFileType = sourcecode.c.h; path = PlayViewController.h; sourceTree = "<group>"; };
		E453F3321F446A740059120E /* PlayViewController.m */ = {isa = PBXFileReference; fileEncoding = 4; lastKnownFileType = sourcecode.c.objc; path = PlayViewController.m; sourceTree = "<group>"; };
		E453F3391F4499FA0059120E /* CellView.h */ = {isa = PBXFileReference; fileEncoding = 4; lastKnownFileType = sourcecode.c.h; path = CellView.h; sourceTree = "<group>"; };
		E453F33A1F4499FA0059120E /* CellView.m */ = {isa = PBXFileReference; fileEncoding = 4; lastKnownFileType = sourcecode.c.objc; path = CellView.m; sourceTree = "<group>"; };
		E453F33C1F449CBB0059120E /* BoardView.h */ = {isa = PBXFileReference; fileEncoding = 4; lastKnownFileType = sourcecode.c.h; path = BoardView.h; sourceTree = "<group>"; };
		E453F33D1F449CBB0059120E /* BoardView.m */ = {isa = PBXFileReference; fileEncoding = 4; lastKnownFileType = sourcecode.c.objc; path = BoardView.m; sourceTree = "<group>"; };
		E453F33F1F45EB060059120E /* FigureView.h */ = {isa = PBXFileReference; fileEncoding = 4; lastKnownFileType = sourcecode.c.h; path = FigureView.h; sourceTree = "<group>"; };
		E453F3401F45EB060059120E /* FigureView.m */ = {isa = PBXFileReference; fileEncoding = 4; lastKnownFileType = sourcecode.c.objc; path = FigureView.m; sourceTree = "<group>"; };
		E4D5E9041F4C957A00764F17 /* bg.png */ = {isa = PBXFileReference; lastKnownFileType = image.png; path = bg.png; sourceTree = "<group>"; };
		E4D5E9051F4C957A00764F17 /* block_brown.png */ = {isa = PBXFileReference; lastKnownFileType = image.png; path = block_brown.png; sourceTree = "<group>"; };
		E4D5E9061F4C957A00764F17 /* block_green.png */ = {isa = PBXFileReference; lastKnownFileType = image.png; path = block_green.png; sourceTree = "<group>"; };
		E4D5E9071F4C957A00764F17 /* block_orange.png */ = {isa = PBXFileReference; lastKnownFileType = image.png; path = block_orange.png; sourceTree = "<group>"; };
		E4D5E9081F4C957A00764F17 /* block_red.png */ = {isa = PBXFileReference; lastKnownFileType = image.png; path = block_red.png; sourceTree = "<group>"; };
		E4D5E9091F4C957A00764F17 /* block_yellow.png */ = {isa = PBXFileReference; lastKnownFileType = image.png; path = block_yellow.png; sourceTree = "<group>"; };
		E4D5E90A1F4C957A00764F17 /* gameplay_preview.png */ = {isa = PBXFileReference; lastKnownFileType = image.png; path = gameplay_preview.png; sourceTree = "<group>"; };
		E4D5E90B1F4C957A00764F17 /* pause_button.png */ = {isa = PBXFileReference; lastKnownFileType = image.png; path = pause_button.png; sourceTree = "<group>"; };
		E4D5E90C1F4C957A00764F17 /* top_bar.png */ = {isa = PBXFileReference; lastKnownFileType = image.png; path = top_bar.png; sourceTree = "<group>"; };
		E4D5E9161F4CCF3800764F17 /* chocolate_grows.wav */ = {isa = PBXFileReference; lastKnownFileType = audio.wav; path = chocolate_grows.wav; sourceTree = "<group>"; };
		E4D5E9191F4CD00300764F17 /* level_failed1.wav */ = {isa = PBXFileReference; lastKnownFileType = audio.wav; path = level_failed1.wav; sourceTree = "<group>"; };
		E4D5E91D1F4CD10D00764F17 /* levelup.wav */ = {isa = PBXFileReference; lastKnownFileType = audio.wav; path = levelup.wav; sourceTree = "<group>"; };
		E4D5E91F1F4CD21E00764F17 /* rowClear.wav */ = {isa = PBXFileReference; lastKnownFileType = audio.wav; path = rowClear.wav; sourceTree = "<group>"; };
		E4D5E9211F4CD24C00764F17 /* button_press.wav */ = {isa = PBXFileReference; lastKnownFileType = audio.wav; path = button_press.wav; sourceTree = "<group>"; };
		E4D5E9231F4D72F100764F17 /* FileManager.h */ = {isa = PBXFileReference; fileEncoding = 4; lastKnownFileType = sourcecode.c.h; path = FileManager.h; sourceTree = "<group>"; };
		E4D5E9241F4D72F100764F17 /* FileManager.m */ = {isa = PBXFileReference; fileEncoding = 4; lastKnownFileType = sourcecode.c.objc; path = FileManager.m; sourceTree = "<group>"; };
		E4D5E9261F4D881D00764F17 /* InitialViewController.h */ = {isa = PBXFileReference; fileEncoding = 4; lastKnownFileType = sourcecode.c.h; path = InitialViewController.h; sourceTree = "<group>"; };
		E4D5E9271F4D881D00764F17 /* InitialViewController.m */ = {isa = PBXFileReference; fileEncoding = 4; lastKnownFileType = sourcecode.c.objc; path = InitialViewController.m; sourceTree = "<group>"; };
/* End PBXFileReference section */

/* Begin PBXFrameworksBuildPhase section */
		E453F3001F433FFD0059120E /* Frameworks */ = {
			isa = PBXFrameworksBuildPhase;
			buildActionMask = 2147483647;
			files = (
			);
			runOnlyForDeploymentPostprocessing = 0;
		};
/* End PBXFrameworksBuildPhase section */

/* Begin PBXGroup section */
		E453F2FA1F433FFC0059120E = {
			isa = PBXGroup;
			children = (
				E453F3051F433FFD0059120E /* Tetris */,
				E453F3041F433FFD0059120E /* Products */,
			);
			sourceTree = "<group>";
		};
		E453F3041F433FFD0059120E /* Products */ = {
			isa = PBXGroup;
			children = (
				E453F3031F433FFD0059120E /* Tetris.app */,
			);
			name = Products;
			sourceTree = "<group>";
		};
		E453F3051F433FFD0059120E /* Tetris */ = {
			isa = PBXGroup;
			children = (
				E4D5E9181F4CCF5600764F17 /* Sounds */,
				E453F3251F4341130059120E /* Logic */,
				E453F3431F45EB360059120E /* Models */,
				E453F3421F45EB0D0059120E /* Views */,
				E453F3271F4341820059120E /* ViewControllers */,
				E453F3261F43416A0059120E /* Definitions & delegate */,
				E453F3241F4340FB0059120E /* UIElements */,
				E453F3211F4340960059120E /* Additional Files */,
				E453F3221F4340AA0059120E /* Storyboards */,
				E453F3061F433FFD0059120E /* Supporting Files */,
			);
			path = Tetris;
			sourceTree = "<group>";
		};
		E453F3061F433FFD0059120E /* Supporting Files */ = {
			isa = PBXGroup;
			children = (
				E453F3071F433FFD0059120E /* main.m */,
			);
			name = "Supporting Files";
			sourceTree = "<group>";
		};
		E453F3211F4340960059120E /* Additional Files */ = {
			isa = PBXGroup;
			children = (
				E4227FCB1F4E295E00C0506D /* ImageManager.h */,
				E4227FCC1F4E295E00C0506D /* ImageManager.m */,
				E4D5E9231F4D72F100764F17 /* FileManager.h */,
				E4D5E9241F4D72F100764F17 /* FileManager.m */,
				E453F32B1F438B1E0059120E /* MatrixPoint.h */,
				E453F32C1F438B1E0059120E /* MatrixPoint.m */,
			);
			name = "Additional Files";
			sourceTree = "<group>";
		};
		E453F3221F4340AA0059120E /* Storyboards */ = {
			isa = PBXGroup;
			children = (
				E453F30F1F433FFD0059120E /* Main.storyboard */,
				E453F3141F433FFD0059120E /* LaunchScreen.storyboard */,
			);
			name = Storyboards;
			sourceTree = "<group>";
		};
		E453F3241F4340FB0059120E /* UIElements */ = {
			isa = PBXGroup;
			children = (
				E4227FBD1F4E1A3000C0506D /* Dosis-Bold.ttf */,
				E4227FBE1F4E1A3000C0506D /* darkCell.png */,
				E4227FBF1F4E1A3000C0506D /* trophy.png */,
				E4227FC01F4E1A3000C0506D /* coin.png */,
				E4227FC11F4E1A3000C0506D /* normalCell.png */,
				E4227FC21F4E1A3000C0506D /* topBoardBadge.png */,
				E4227FC31F4E1A3000C0506D /* topBoard.png */,
				E4D5E9041F4C957A00764F17 /* bg.png */,
				E4D5E9051F4C957A00764F17 /* block_brown.png */,
				E4D5E9061F4C957A00764F17 /* block_green.png */,
				E4D5E9071F4C957A00764F17 /* block_orange.png */,
				E4D5E9081F4C957A00764F17 /* block_red.png */,
				E4D5E9091F4C957A00764F17 /* block_yellow.png */,
				E4D5E90A1F4C957A00764F17 /* gameplay_preview.png */,
				E4D5E90B1F4C957A00764F17 /* pause_button.png */,
				E4D5E90C1F4C957A00764F17 /* top_bar.png */,
				E453F3121F433FFD0059120E /* Assets.xcassets */,
			);
			name = UIElements;
			sourceTree = "<group>";
		};
		E453F3251F4341130059120E /* Logic */ = {
			isa = PBXGroup;
			children = (
				E453F31D1F4340610059120E /* GameEngine.h */,
				E453F31E1F4340620059120E /* GameEngine.m */,
			);
			name = Logic;
			sourceTree = "<group>";
		};
		E453F3261F43416A0059120E /* Definitions & delegate */ = {
			isa = PBXGroup;
			children = (
				E453F3171F433FFD0059120E /* Info.plist */,
				E453F3201F4340850059120E /* Definitions.h */,
				E453F3091F433FFD0059120E /* AppDelegate.h */,
				E453F30A1F433FFD0059120E /* AppDelegate.m */,
			);
			name = "Definitions & delegate";
			sourceTree = "<group>";
		};
		E453F3271F4341820059120E /* ViewControllers */ = {
			isa = PBXGroup;
			children = (
				E4D5E9261F4D881D00764F17 /* InitialViewController.h */,
				E4D5E9271F4D881D00764F17 /* InitialViewController.m */,
				E453F3311F446A740059120E /* PlayViewController.h */,
				E453F3321F446A740059120E /* PlayViewController.m */,
			);
			name = ViewControllers;
			sourceTree = "<group>";
		};
		E453F3421F45EB0D0059120E /* Views */ = {
			isa = PBXGroup;
			children = (
				E453F33F1F45EB060059120E /* FigureView.h */,
				E453F3401F45EB060059120E /* FigureView.m */,
				E453F3391F4499FA0059120E /* CellView.h */,
				E453F33A1F4499FA0059120E /* CellView.m */,
				E453F33C1F449CBB0059120E /* BoardView.h */,
				E453F33D1F449CBB0059120E /* BoardView.m */,
			);
			name = Views;
			sourceTree = "<group>";
		};
		E453F3431F45EB360059120E /* Models */ = {
			isa = PBXGroup;
			children = (
				E453F3281F4343C50059120E /* Figure.h */,
				E453F3291F4343C50059120E /* Figure.m */,
			);
			name = Models;
			sourceTree = "<group>";
		};
		E4D5E9181F4CCF5600764F17 /* Sounds */ = {
			isa = PBXGroup;
			children = (
				E4D5E9161F4CCF3800764F17 /* chocolate_grows.wav */,
				E4D5E91F1F4CD21E00764F17 /* rowClear.wav */,
				E4D5E9191F4CD00300764F17 /* level_failed1.wav */,
				E4D5E91D1F4CD10D00764F17 /* levelup.wav */,
				E4D5E9211F4CD24C00764F17 /* button_press.wav */,
			);
			name = Sounds;
			sourceTree = "<group>";
		};
/* End PBXGroup section */

/* Begin PBXNativeTarget section */
		E453F3021F433FFD0059120E /* Tetris */ = {
			isa = PBXNativeTarget;
			buildConfigurationList = E453F31A1F433FFD0059120E /* Build configuration list for PBXNativeTarget "Tetris" */;
			buildPhases = (
				E453F2FF1F433FFD0059120E /* Sources */,
				E453F3001F433FFD0059120E /* Frameworks */,
				E453F3011F433FFD0059120E /* Resources */,
			);
			buildRules = (
			);
			dependencies = (
			);
			name = Tetris;
			productName = Tetris;
			productReference = E453F3031F433FFD0059120E /* Tetris.app */;
			productType = "com.apple.product-type.application";
		};
/* End PBXNativeTarget section */

/* Begin PBXProject section */
		E453F2FB1F433FFC0059120E /* Project object */ = {
			isa = PBXProject;
			attributes = {
				LastUpgradeCheck = 0830;
				ORGANIZATIONNAME = "Vahe Karamyan";
				TargetAttributes = {
					E453F3021F433FFD0059120E = {
						CreatedOnToolsVersion = 8.3.3;
						DevelopmentTeam = 74U862S4Q7;
						ProvisioningStyle = Automatic;
					};
				};
			};
			buildConfigurationList = E453F2FE1F433FFD0059120E /* Build configuration list for PBXProject "Tetris" */;
			compatibilityVersion = "Xcode 3.2";
			developmentRegion = English;
			hasScannedForEncodings = 0;
			knownRegions = (
				en,
				Base,
			);
			mainGroup = E453F2FA1F433FFC0059120E;
			productRefGroup = E453F3041F433FFD0059120E /* Products */;
			projectDirPath = "";
			projectRoot = "";
			targets = (
				E453F3021F433FFD0059120E /* Tetris */,
			);
		};
/* End PBXProject section */

/* Begin PBXResourcesBuildPhase section */
		E453F3011F433FFD0059120E /* Resources */ = {
			isa = PBXResourcesBuildPhase;
			buildActionMask = 2147483647;
			files = (
				E4227FC41F4E1A3000C0506D /* Dosis-Bold.ttf in Resources */,
				E4227FC71F4E1A3000C0506D /* coin.png in Resources */,
				E4D5E9151F4C957B00764F17 /* top_bar.png in Resources */,
				E4D5E9171F4CCF3800764F17 /* chocolate_grows.wav in Resources */,
				E4D5E90D1F4C957A00764F17 /* bg.png in Resources */,
				E4227FC61F4E1A3000C0506D /* trophy.png in Resources */,
				E4D5E9121F4C957B00764F17 /* block_yellow.png in Resources */,
				E4D5E9101F4C957B00764F17 /* block_orange.png in Resources */,
				E4D5E90F1F4C957B00764F17 /* block_green.png in Resources */,
				E4227FCA1F4E1A3000C0506D /* topBoard.png in Resources */,
				E453F3161F433FFD0059120E /* LaunchScreen.storyboard in Resources */,
				E4D5E9201F4CD21E00764F17 /* rowClear.wav in Resources */,
				E4D5E90E1F4C957B00764F17 /* block_brown.png in Resources */,
				E4D5E9111F4C957B00764F17 /* block_red.png in Resources */,
				E4D5E9141F4C957B00764F17 /* pause_button.png in Resources */,
				E4D5E91E1F4CD10D00764F17 /* levelup.wav in Resources */,
				E4D5E9131F4C957B00764F17 /* gameplay_preview.png in Resources */,
				E453F3131F433FFD0059120E /* Assets.xcassets in Resources */,
				E4D5E9221F4CD24C00764F17 /* button_press.wav in Resources */,
				E4227FC51F4E1A3000C0506D /* darkCell.png in Resources */,
				E4227FC91F4E1A3000C0506D /* topBoardBadge.png in Resources */,
				E4227FC81F4E1A3000C0506D /* normalCell.png in Resources */,
				E4D5E91A1F4CD00300764F17 /* level_failed1.wav in Resources */,
				E453F3111F433FFD0059120E /* Main.storyboard in Resources */,
			);
			runOnlyForDeploymentPostprocessing = 0;
		};
/* End PBXResourcesBuildPhase section */

/* Begin PBXSourcesBuildPhase section */
		E453F2FF1F433FFD0059120E /* Sources */ = {
			isa = PBXSourcesBuildPhase;
			buildActionMask = 2147483647;
			files = (
				E453F30B1F433FFD0059120E /* AppDelegate.m in Sources */,
				E453F33E1F449CBB0059120E /* BoardView.m in Sources */,
				E453F3081F433FFD0059120E /* main.m in Sources */,
				E4227FCD1F4E295E00C0506D /* ImageManager.m in Sources */,
				E4D5E9251F4D72F100764F17 /* FileManager.m in Sources */,
				E453F32A1F4343C50059120E /* Figure.m in Sources */,
				E453F31F1F4340620059120E /* GameEngine.m in Sources */,
				E453F3411F45EB060059120E /* FigureView.m in Sources */,
				E453F3331F446A740059120E /* PlayViewController.m in Sources */,
				E4D5E9281F4D881D00764F17 /* InitialViewController.m in Sources */,
				E453F32D1F438B1E0059120E /* MatrixPoint.m in Sources */,
				E453F33B1F4499FA0059120E /* CellView.m in Sources */,
			);
			runOnlyForDeploymentPostprocessing = 0;
		};
/* End PBXSourcesBuildPhase section */

/* Begin PBXVariantGroup section */
		E453F30F1F433FFD0059120E /* Main.storyboard */ = {
			isa = PBXVariantGroup;
			children = (
				E453F3101F433FFD0059120E /* Base */,
			);
			name = Main.storyboard;
			sourceTree = "<group>";
		};
		E453F3141F433FFD0059120E /* LaunchScreen.storyboard */ = {
			isa = PBXVariantGroup;
			children = (
				E453F3151F433FFD0059120E /* Base */,
			);
			name = LaunchScreen.storyboard;
			sourceTree = "<group>";
		};
/* End PBXVariantGroup section */

/* Begin XCBuildConfiguration section */
		E453F3181F433FFD0059120E /* Debug */ = {
			isa = XCBuildConfiguration;
			buildSettings = {
				ALWAYS_SEARCH_USER_PATHS = NO;
				CLANG_ANALYZER_NONNULL = YES;
				CLANG_ANALYZER_NUMBER_OBJECT_CONVERSION = YES_AGGRESSIVE;
				CLANG_CXX_LANGUAGE_STANDARD = "gnu++0x";
				CLANG_CXX_LIBRARY = "libc++";
				CLANG_ENABLE_MODULES = YES;
				CLANG_ENABLE_OBJC_ARC = YES;
				CLANG_WARN_BOOL_CONVERSION = YES;
				CLANG_WARN_CONSTANT_CONVERSION = YES;
				CLANG_WARN_DIRECT_OBJC_ISA_USAGE = YES_ERROR;
				CLANG_WARN_DOCUMENTATION_COMMENTS = YES;
				CLANG_WARN_EMPTY_BODY = YES;
				CLANG_WARN_ENUM_CONVERSION = YES;
				CLANG_WARN_INFINITE_RECURSION = YES;
				CLANG_WARN_INT_CONVERSION = YES;
				CLANG_WARN_OBJC_ROOT_CLASS = YES_ERROR;
				CLANG_WARN_SUSPICIOUS_MOVE = YES;
				CLANG_WARN_UNREACHABLE_CODE = YES;
				CLANG_WARN__DUPLICATE_METHOD_MATCH = YES;
				"CODE_SIGN_IDENTITY[sdk=iphoneos*]" = "iPhone Developer";
				COPY_PHASE_STRIP = NO;
				DEBUG_INFORMATION_FORMAT = dwarf;
				ENABLE_STRICT_OBJC_MSGSEND = YES;
				ENABLE_TESTABILITY = YES;
				GCC_C_LANGUAGE_STANDARD = gnu99;
				GCC_DYNAMIC_NO_PIC = NO;
				GCC_NO_COMMON_BLOCKS = YES;
				GCC_OPTIMIZATION_LEVEL = 0;
				GCC_PREPROCESSOR_DEFINITIONS = (
					"DEBUG=1",
					"$(inherited)",
				);
				GCC_WARN_64_TO_32_BIT_CONVERSION = YES;
				GCC_WARN_ABOUT_RETURN_TYPE = YES_ERROR;
				GCC_WARN_UNDECLARED_SELECTOR = YES;
				GCC_WARN_UNINITIALIZED_AUTOS = YES_AGGRESSIVE;
				GCC_WARN_UNUSED_FUNCTION = YES;
				GCC_WARN_UNUSED_VARIABLE = YES;
				IPHONEOS_DEPLOYMENT_TARGET = 10.3;
				MTL_ENABLE_DEBUG_INFO = YES;
				ONLY_ACTIVE_ARCH = YES;
				SDKROOT = iphoneos;
			};
			name = Debug;
		};
		E453F3191F433FFD0059120E /* Release */ = {
			isa = XCBuildConfiguration;
			buildSettings = {
				ALWAYS_SEARCH_USER_PATHS = NO;
				CLANG_ANALYZER_NONNULL = YES;
				CLANG_ANALYZER_NUMBER_OBJECT_CONVERSION = YES_AGGRESSIVE;
				CLANG_CXX_LANGUAGE_STANDARD = "gnu++0x";
				CLANG_CXX_LIBRARY = "libc++";
				CLANG_ENABLE_MODULES = YES;
				CLANG_ENABLE_OBJC_ARC = YES;
				CLANG_WARN_BOOL_CONVERSION = YES;
				CLANG_WARN_CONSTANT_CONVERSION = YES;
				CLANG_WARN_DIRECT_OBJC_ISA_USAGE = YES_ERROR;
				CLANG_WARN_DOCUMENTATION_COMMENTS = YES;
				CLANG_WARN_EMPTY_BODY = YES;
				CLANG_WARN_ENUM_CONVERSION = YES;
				CLANG_WARN_INFINITE_RECURSION = YES;
				CLANG_WARN_INT_CONVERSION = YES;
				CLANG_WARN_OBJC_ROOT_CLASS = YES_ERROR;
				CLANG_WARN_SUSPICIOUS_MOVE = YES;
				CLANG_WARN_UNREACHABLE_CODE = YES;
				CLANG_WARN__DUPLICATE_METHOD_MATCH = YES;
				"CODE_SIGN_IDENTITY[sdk=iphoneos*]" = "iPhone Developer";
				COPY_PHASE_STRIP = NO;
				DEBUG_INFORMATION_FORMAT = "dwarf-with-dsym";
				ENABLE_NS_ASSERTIONS = NO;
				ENABLE_STRICT_OBJC_MSGSEND = YES;
				GCC_C_LANGUAGE_STANDARD = gnu99;
				GCC_NO_COMMON_BLOCKS = YES;
				GCC_WARN_64_TO_32_BIT_CONVERSION = YES;
				GCC_WARN_ABOUT_RETURN_TYPE = YES_ERROR;
				GCC_WARN_UNDECLARED_SELECTOR = YES;
				GCC_WARN_UNINITIALIZED_AUTOS = YES_AGGRESSIVE;
				GCC_WARN_UNUSED_FUNCTION = YES;
				GCC_WARN_UNUSED_VARIABLE = YES;
				IPHONEOS_DEPLOYMENT_TARGET = 10.3;
				MTL_ENABLE_DEBUG_INFO = NO;
				SDKROOT = iphoneos;
				VALIDATE_PRODUCT = YES;
			};
			name = Release;
		};
		E453F31B1F433FFD0059120E /* Debug */ = {
			isa = XCBuildConfiguration;
			buildSettings = {
				ASSETCATALOG_COMPILER_APPICON_NAME = AppIcon;
				DEVELOPMENT_TEAM = 74U862S4Q7;
				INFOPLIST_FILE = Tetris/Info.plist;
				LD_RUNPATH_SEARCH_PATHS = "$(inherited) @executable_path/Frameworks";
				PRODUCT_BUNDLE_IDENTIFIER = vuvkar.Tetris;
				PRODUCT_NAME = "$(TARGET_NAME)";
			};
			name = Debug;
		};
		E453F31C1F433FFD0059120E /* Release */ = {
			isa = XCBuildConfiguration;
			buildSettings = {
				ASSETCATALOG_COMPILER_APPICON_NAME = AppIcon;
				DEVELOPMENT_TEAM = 74U862S4Q7;
				INFOPLIST_FILE = Tetris/Info.plist;
				LD_RUNPATH_SEARCH_PATHS = "$(inherited) @executable_path/Frameworks";
				PRODUCT_BUNDLE_IDENTIFIER = vuvkar.Tetris;
				PRODUCT_NAME = "$(TARGET_NAME)";
			};
			name = Release;
		};
/* End XCBuildConfiguration section */

/* Begin XCConfigurationList section */
		E453F2FE1F433FFD0059120E /* Build configuration list for PBXProject "Tetris" */ = {
			isa = XCConfigurationList;
			buildConfigurations = (
				E453F3181F433FFD0059120E /* Debug */,
				E453F3191F433FFD0059120E /* Release */,
			);
			defaultConfigurationIsVisible = 0;
			defaultConfigurationName = Release;
		};
		E453F31A1F433FFD0059120E /* Build configuration list for PBXNativeTarget "Tetris" */ = {
			isa = XCConfigurationList;
			buildConfigurations = (
				E453F31B1F433FFD0059120E /* Debug */,
				E453F31C1F433FFD0059120E /* Release */,
			);
			defaultConfigurationIsVisible = 0;
			defaultConfigurationName = Release;
		};
/* End XCConfigurationList section */
	};
	rootObject = E453F2FB1F433FFC0059120E /* Project object */;
}
